// !$*UTF8*$!
{
	archiveVersion = 1;
	classes = {
	};
	objectVersion = 56;
	objects = {

/* Begin PBXBuildFile section */
		0034C3E3A4266CE5E5B93AF8 /* ContactsPermissionView.swift in Sources */ = {isa = PBXBuildFile; fileRef = 458E3A6D0134BCFC34A5ECA0 /* ContactsPermissionView.swift */; };
		02E0A800B96A73DF0944C4ED /* SizeModifier.swift in Sources */ = {isa = PBXBuildFile; fileRef = E19D579EFC63895CF84BA8A4 /* SizeModifier.swift */; };
		0DF21D84D283F0EA4A18B642 /* DrawerViewModifier.swift in Sources */ = {isa = PBXBuildFile; fileRef = 2D6AA00C2AFADD4B5FE2A284 /* DrawerViewModifier.swift */; };
		10FCFAA044640786D0D6C693 /* HexagonTextField.swift in Sources */ = {isa = PBXBuildFile; fileRef = 605DF100B66918B07B845D63 /* HexagonTextField.swift */; };
		11032415E707325D0BFAA8D0 /* SearchNameUseCase.swift in Sources */ = {isa = PBXBuildFile; fileRef = 2A658DCF70305B50E339BA75 /* SearchNameUseCase.swift */; };
		161E8649721C3A2D12018B8B /* CenterPointModifier.swift in Sources */ = {isa = PBXBuildFile; fileRef = B298F2BB201A460BA8503A0D /* CenterPointModifier.swift */; };
		1692DA38DEDB1C15A5E6CD40 /* IntroState.swift in Sources */ = {isa = PBXBuildFile; fileRef = DC6CE54DFC33B5A1A308D040 /* IntroState.swift */; };
		19A94D22B87D98DE5EC34EB6 /* SyncPhoneBookButton.swift in Sources */ = {isa = PBXBuildFile; fileRef = 1B5485D1DABA55B3C836CE3C /* SyncPhoneBookButton.swift */; };
		1CEB62FF3AA1B798BEE147EA /* ScrollViewWrapper.swift in Sources */ = {isa = PBXBuildFile; fileRef = D7D47C8F9AC5576370393BEE /* ScrollViewWrapper.swift */; };
		24897A523EBA7CC049F64376 /* HomeView.swift in Sources */ = {isa = PBXBuildFile; fileRef = A98456027335AC2BB365B133 /* HomeView.swift */; };
		25177AA20068D24A127C50A7 /* GetAllContactsUseCase.swift in Sources */ = {isa = PBXBuildFile; fileRef = 9319844B8526912B4F3E2805 /* GetAllContactsUseCase.swift */; };
		261A886B744010BF914CA039 /* LabeledValueObject.swift in Sources */ = {isa = PBXBuildFile; fileRef = 5126DBD55264BD59B22E1915 /* LabeledValueObject.swift */; };
		27902F6CCA4E1CE0BBA80978 /* ViewModel.swift in Sources */ = {isa = PBXBuildFile; fileRef = C99C8900B00CB6CC212E1082 /* ViewModel.swift */; };
		29F115A5553099F7EC69355B /* OnboardingCoordinatorView.swift in Sources */ = {isa = PBXBuildFile; fileRef = 5F9EC173489C2E65ECDD6E8D /* OnboardingCoordinatorView.swift */; };
		2B7D4D435E637C4FAF49CB3E /* ContactObject.swift in Sources */ = {isa = PBXBuildFile; fileRef = 81FA5A2F560C585CF244FFBD /* ContactObject.swift */; };
		2BB4E6526079A438C332CEF7 /* Carousel3D.swift in Sources */ = {isa = PBXBuildFile; fileRef = 04B30C28B58367E7B197BE4B /* Carousel3D.swift */; };
		2C954665227321A9A1567ED4 /* IntroViewModel.swift in Sources */ = {isa = PBXBuildFile; fileRef = D7435444EE24391BE19766B2 /* IntroViewModel.swift */; };
		2E028CF7F57D0AA4CB78D1E2 /* Launch Screen.storyboard in Resources */ = {isa = PBXBuildFile; fileRef = 234B2D2B4FAEF773EBC72753 /* Launch Screen.storyboard */; };
		345EE66BFC9B7DA524456F10 /* Assets.xcassets in Resources */ = {isa = PBXBuildFile; fileRef = 1733C90894014D1275B02BAE /* Assets.xcassets */; };
		34FFC74EE04D41052D2C66DC /* ConnectHexagonContainerView.swift in Sources */ = {isa = PBXBuildFile; fileRef = 3E31C314EEEBD61F78E3DABE /* ConnectHexagonContainerView.swift */; };
		36635BCBB041A2D0398A8B20 /* DetailsState.swift in Sources */ = {isa = PBXBuildFile; fileRef = BE1D9C7B7999D8E605366A69 /* DetailsState.swift */; };
		36DF1262F8176C81D9EED267 /* AppFactoryProtocols.swift in Sources */ = {isa = PBXBuildFile; fileRef = E550A010364196ECB50173EE /* AppFactoryProtocols.swift */; };
		3956E0D3818AD868A2F3A703 /* HepticService.swift in Sources */ = {isa = PBXBuildFile; fileRef = 6672A3663F4FBE69E37E6DFB /* HepticService.swift */; };
		3D442B1FB2A8C635DC69B126 /* RealmActor.swift in Sources */ = {isa = PBXBuildFile; fileRef = FDC775405F9838A661B5ACAA /* RealmActor.swift */; };
		3FB3C4576CD0CABA179A16C1 /* OnboardingCoordinator.swift in Sources */ = {isa = PBXBuildFile; fileRef = 3F9E32E3FBDF5E31D42ABEC8 /* OnboardingCoordinator.swift */; };
		4050B5212E7830B5B63BDCF4 /* MyProfileViewModel.swift in Sources */ = {isa = PBXBuildFile; fileRef = 6EF4F0C50B04694FA60B1CCA /* MyProfileViewModel.swift */; };
		4B68A0CFE4D0BEECBEFFB930 /* RealmSwift in Frameworks */ = {isa = PBXBuildFile; productRef = 69C7EDA2C093AFE882A69AB2 /* RealmSwift */; };
		4C46F22E7C6ADF0DCD33C284 /* Contact.swift in Sources */ = {isa = PBXBuildFile; fileRef = 0D4593B6539C66B7D9A1ED91 /* Contact.swift */; };
		4D73E7CFDB3C070089E0A570 /* Montserrat-Regular.ttf in Resources */ = {isa = PBXBuildFile; fileRef = 4218E04A02110E247A7D36F0 /* Montserrat-Regular.ttf */; };
		4F6275E5F61813EC02E93A4B /* SwitcherView.swift in Sources */ = {isa = PBXBuildFile; fileRef = 6BC35D8177FF37C520E5FB01 /* SwitcherView.swift */; };
		54FDAA68435617870336BEAE /* AppFactory.swift in Sources */ = {isa = PBXBuildFile; fileRef = FC1693951402DDC0A0793DC2 /* AppFactory.swift */; };
		563E58FFC3BF83E2B73289FE /* Fonts.swift in Sources */ = {isa = PBXBuildFile; fileRef = E1BCCC2590AB3B17E0356F01 /* Fonts.swift */; };
		571F76ECD50569C7FEEB1634 /* ContactsPermissionViewModel.swift in Sources */ = {isa = PBXBuildFile; fileRef = 012C628CC25D3EB89C5508A4 /* ContactsPermissionViewModel.swift */; };
		5AE69CE350ED863C4EC454C4 /* HexAvatar.swift in Sources */ = {isa = PBXBuildFile; fileRef = E096771F239B02B67DCAA55A /* HexAvatar.swift */; };
		5D458A8F9491B2719877869B /* HexGrid.swift in Sources */ = {isa = PBXBuildFile; fileRef = 2CC76B73DBB95CD04CE74D22 /* HexGrid.swift */; };
		5E9FFD952C5D517E00735D78 /* AsyncImageWithCache.swift in Sources */ = {isa = PBXBuildFile; fileRef = 5E9FFD942C5D517E00735D78 /* AsyncImageWithCache.swift */; };
		5F877FA4E9A45875E88C8019 /* ContactsPermissionViewState.swift in Sources */ = {isa = PBXBuildFile; fileRef = 3681542F5809256D60BF509A /* ContactsPermissionViewState.swift */; };
		64051078E964198E66586AE2 /* SearchBarView.swift in Sources */ = {isa = PBXBuildFile; fileRef = 0E6AFEAD5AC20A1B2227FBF5 /* SearchBarView.swift */; };
		658926448A7C2E1051F72DA9 /* SizeChangeModifier.swift in Sources */ = {isa = PBXBuildFile; fileRef = 46D8E5FD320D3F562F70A0E5 /* SizeChangeModifier.swift */; };
		6623FAE1BFBDAF8297CAED7B /* ScreenFactory.swift in Sources */ = {isa = PBXBuildFile; fileRef = C6C43667E2F12195844B2AF9 /* ScreenFactory.swift */; };
		6692C3282560495B4ED0E236 /* UsageObject.swift in Sources */ = {isa = PBXBuildFile; fileRef = 9817DFC9720E4BA02B4F1075 /* UsageObject.swift */; };
		6831FCD4A6470225FE7ED726 /* CornerRadiusWithBorderModifier.swift in Sources */ = {isa = PBXBuildFile; fileRef = 777339B65D8EFFF729D80CE9 /* CornerRadiusWithBorderModifier.swift */; };
		6947506C3184C40FA9D22503 /* HexCell.swift in Sources */ = {isa = PBXBuildFile; fileRef = 61693F56C2C7E09A8C793EC5 /* HexCell.swift */; };
		6C7B15FF561F6AE534F43157 /* Montserrat-SemiBold.ttf in Resources */ = {isa = PBXBuildFile; fileRef = B1A0537E72C37E2AFF4214C5 /* Montserrat-SemiBold.ttf */; };
		6E0F34F3332C626BAB24F9A2 /* MainCoordinatorProtocol.swift in Sources */ = {isa = PBXBuildFile; fileRef = 438EA960BEF35BD8459F0A9A /* MainCoordinatorProtocol.swift */; };
		6FF794716A28013F7DA6CD1E /* LandingView.swift in Sources */ = {isa = PBXBuildFile; fileRef = 51E76E59FA6A9467CC990305 /* LandingView.swift */; };
		70E2DDBEC2DF5B0C65A5B607 /* SearchButton.swift in Sources */ = {isa = PBXBuildFile; fileRef = D1E059ED580B919A14B54C8E /* SearchButton.swift */; };
		71464CA71B0CCB7FA00BAB0C /* RealmContactsDataSource.swift in Sources */ = {isa = PBXBuildFile; fileRef = DB174F7C981EA9E00A05847C /* RealmContactsDataSource.swift */; };
		763C8C493A163B85148BE315 /* SearchView.swift in Sources */ = {isa = PBXBuildFile; fileRef = 390D5A67819FDDEC72A16A41 /* SearchView.swift */; };
		7A3348714927A66CC2D1C72B /* RealmSwift in Embed Frameworks */ = {isa = PBXBuildFile; productRef = 69C7EDA2C093AFE882A69AB2 /* RealmSwift */; settings = {ATTRIBUTES = (CodeSignOnCopy, RemoveHeadersOnCopy, ); }; };
		7DB7FD255DA01421F314E81A /* Coordinator.swift in Sources */ = {isa = PBXBuildFile; fileRef = E1C2F7CF847DA6487911C81D /* Coordinator.swift */; };
		7E89BE7A50DEA701A880F530 /* SwitcherItem.swift in Sources */ = {isa = PBXBuildFile; fileRef = 6224A8EAD038DE9ED1F41806 /* SwitcherItem.swift */; };
		814A222377BFF0334FC04C04 /* SearchViewModel.swift in Sources */ = {isa = PBXBuildFile; fileRef = 5FBDA06A8AF2444DD5955CC4 /* SearchViewModel.swift */; };
		83F414717E326AB41C8AF3C9 /* Montserrat-Medium.ttf in Resources */ = {isa = PBXBuildFile; fileRef = 5552D04F9F27C760360DB6C5 /* Montserrat-Medium.ttf */; };
		85670784EED6A02BEEF275CD /* SearchState.swift in Sources */ = {isa = PBXBuildFile; fileRef = 560907E0FAEBDBFAE1523678 /* SearchState.swift */; };
		8965DB68C20034DC7F715D4C /* GetContactsStatusUseCase.swift in Sources */ = {isa = PBXBuildFile; fileRef = 1D93416A3DD7A0AFCE7A6601 /* GetContactsStatusUseCase.swift */; };
		8D3DFFCB569B26FA2F14800E /* DetailsViewModel.swift in Sources */ = {isa = PBXBuildFile; fileRef = B5A489C4EB3C630E21997586 /* DetailsViewModel.swift */; };
		92007633ECABAE5ABCF00344 /* OnboardingCoordinatorProtocol.swift in Sources */ = {isa = PBXBuildFile; fileRef = FB56E16984D9DFDFF9AB9FAC /* OnboardingCoordinatorProtocol.swift */; };
		9287CA8F8FB902527B1A6FC5 /* NativeContactsDataSource.swift in Sources */ = {isa = PBXBuildFile; fileRef = D658F58F264E8D3EBA5FE7A9 /* NativeContactsDataSource.swift */; };
		9485348E478BF0253CF08E7F /* ConnectViewModel.swift in Sources */ = {isa = PBXBuildFile; fileRef = D5887F5515894A83F84118E0 /* ConnectViewModel.swift */; };
		956880ACE1E23D87055873B4 /* AddFavouritesPopup.swift in Sources */ = {isa = PBXBuildFile; fileRef = 35604CFB64FC2FF7E6949001 /* AddFavouritesPopup.swift */; };
		96F638CCB2A74F9FB42D82C3 /* Routable.swift in Sources */ = {isa = PBXBuildFile; fileRef = FFF07F5BA3E3A13ADB7BB241 /* Routable.swift */; };
		97BAA128BD02E391FADA1CDC /* RadioButton.swift in Sources */ = {isa = PBXBuildFile; fileRef = 614677A10A26F1F456B0F633 /* RadioButton.swift */; };
		9AEB2BF4940550452D2041C7 /* HomeViewState.swift in Sources */ = {isa = PBXBuildFile; fileRef = 8C8379B1D6C145F21F786F90 /* HomeViewState.swift */; };
		9D381B472B1EE261AA655A89 /* NativeFavoriteObject.swift in Sources */ = {isa = PBXBuildFile; fileRef = B5E85D0F5C9DBE36BD462BF9 /* NativeFavoriteObject.swift */; };
		9D71F677D8949EE6FB811978 /* FlexibleSize.swift in Sources */ = {isa = PBXBuildFile; fileRef = B4E242B52124556CAA9E3E9B /* FlexibleSize.swift */; };
		9DCE6D5505613983C9649EAA /* HexagonShape.swift in Sources */ = {isa = PBXBuildFile; fileRef = A7C426AB6C90D9494C9E691E /* HexagonShape.swift */; };
		A1C22EBC077530E22C62B3C7 /* CoordinatorFactoryProtocols.swift in Sources */ = {isa = PBXBuildFile; fileRef = C8081BBC06545746A9214B3E /* CoordinatorFactoryProtocols.swift */; };
		A3B71E1A6D7C5BCE4730DFCE /* ContactsRepository.swift in Sources */ = {isa = PBXBuildFile; fileRef = 0FB6DBFF7970AFACD3C27E3E /* ContactsRepository.swift */; };
		A3D727D396866DBDA855B543 /* RotatedHexagonShape.swift in Sources */ = {isa = PBXBuildFile; fileRef = A755A0CC852ADF91641905C2 /* RotatedHexagonShape.swift */; };
		A4E8CBFAB94F3A8AA2B3716B /* OffsetCoordinate.swift in Sources */ = {isa = PBXBuildFile; fileRef = 5C3F4C0AB8DBD19C126DE6F3 /* OffsetCoordinate.swift */; };
		A59099555740FBAFE1A61FCB /* HomeViewModel.swift in Sources */ = {isa = PBXBuildFile; fileRef = 55C08BDCD8BB25208C292D08 /* HomeViewModel.swift */; };
		A69F14E05308497791369B59 /* MyProfileState.swift in Sources */ = {isa = PBXBuildFile; fileRef = 4F26C8DD0F9AE257EDEF5CF2 /* MyProfileState.swift */; };
		A7A259F298C1403CC9A0CF5C /* ANY_networkApp.swift in Sources */ = {isa = PBXBuildFile; fileRef = 84C285D9181978DC18904A77 /* ANY_networkApp.swift */; };
		A878D599713E651502AA996A /* HexLayout.swift in Sources */ = {isa = PBXBuildFile; fileRef = C9DC0708546E3452E1F2AD8A /* HexLayout.swift */; };
		AA9CF904592E170A74A0E83B /* IntroView.swift in Sources */ = {isa = PBXBuildFile; fileRef = 5791CBB8D056B3C12CAB5B10 /* IntroView.swift */; };
		AC2CCA605C4E8A72621FACAF /* ConnectView.swift in Sources */ = {isa = PBXBuildFile; fileRef = 947BFF991F13483041462DA6 /* ConnectView.swift */; };
		AC82C442B450D81C0B94038D /* MyProfileView.swift in Sources */ = {isa = PBXBuildFile; fileRef = 04B084AEE50908424255F050 /* MyProfileView.swift */; };
		AF6FC562AA0543CDF360AB8A /* DetailsView.swift in Sources */ = {isa = PBXBuildFile; fileRef = 459617E9C1288EFA7617ECCA /* DetailsView.swift */; };
		B600E2FB8B29FBB425B9ACA5 /* AppCoordinator.swift in Sources */ = {isa = PBXBuildFile; fileRef = DD008FC98A85E0492C4403CE /* AppCoordinator.swift */; };
		B9F6BECE1C23B6413F1A8B96 /* BackButton.swift in Sources */ = {isa = PBXBuildFile; fileRef = FFA61D1D429B8A7684223FB1 /* BackButton.swift */; };
		BA6137A28A219157204AB312 /* SizePreferenceKey.swift in Sources */ = {isa = PBXBuildFile; fileRef = 5A1D4DA0987E7EE8880F06B0 /* SizePreferenceKey.swift */; };
		BCF2B60E5E2E49EC390C8B61 /* PlainTextButton.swift in Sources */ = {isa = PBXBuildFile; fileRef = C3A5816224E64421B9C17B7A /* PlainTextButton.swift */; };
		BDB78784E8835470B2BBB983 /* ContactsRepositoryImplementation.swift in Sources */ = {isa = PBXBuildFile; fileRef = 64237825CA3869820E9BAEAD /* ContactsRepositoryImplementation.swift */; };
		C6A1668D3E4D593E97EC6A21 /* Preview Assets.xcassets in Resources */ = {isa = PBXBuildFile; fileRef = 54CB9D575FB2523C9DF4133E /* Preview Assets.xcassets */; };
		CAB3A41D2827EA3B233EC5E4 /* SwitcherItemView.swift in Sources */ = {isa = PBXBuildFile; fileRef = 160E3CA9B1DCB8A0BEABD4FA /* SwitcherItemView.swift */; };
		CD002ADD3EF604D7460B84A2 /* ContactCell.swift in Sources */ = {isa = PBXBuildFile; fileRef = 757E681AF60E4C367F24BF6B /* ContactCell.swift */; };
		CE0653498E2BC8A98D330084 /* GetFavoriteContactsUseCase.swift in Sources */ = {isa = PBXBuildFile; fileRef = 46AE966E1718EE37D0192BE6 /* GetFavoriteContactsUseCase.swift */; };
		CE8C33AFC1BB9D6EA63E5A3C /* Montserrat-Bold.ttf in Resources */ = {isa = PBXBuildFile; fileRef = E316BF35C996A02C815F1805 /* Montserrat-Bold.ttf */; };
		D34B3B03DC5F20E71D5EC28B /* HexagonButton.swift in Sources */ = {isa = PBXBuildFile; fileRef = D02BA7965CCED33A25182800 /* HexagonButton.swift */; };
		D3990DB466F6AC273020499D /* MainCoordinator.swift in Sources */ = {isa = PBXBuildFile; fileRef = 45E55B3D0ABB737688FFFDB8 /* MainCoordinator.swift */; };
		D40843B9717F8A670967C1E7 /* RealmProvider.swift in Sources */ = {isa = PBXBuildFile; fileRef = 74BB3EBC72706F14B3DC68CB /* RealmProvider.swift */; };
		D63BA67CFDCBBC894FF1E8BB /* CNContact+Additions.swift in Sources */ = {isa = PBXBuildFile; fileRef = 808B4929D809D80BD3FECC23 /* CNContact+Additions.swift */; };
		D78B98C138A3BE839C692108 /* RegularHexagonButton.swift in Sources */ = {isa = PBXBuildFile; fileRef = 754799DCD2ABD2865B0EF556 /* RegularHexagonButton.swift */; };
		D83EE07815B9E783F7331057 /* GlowModifier.swift in Sources */ = {isa = PBXBuildFile; fileRef = 8AEC2D2EBF2AFD93242388EB /* GlowModifier.swift */; };
		D85C06226E93EE5AEBAA60C9 /* AppCoordinatorView.swift in Sources */ = {isa = PBXBuildFile; fileRef = 054885A857D0E15D6235499E /* AppCoordinatorView.swift */; };
		D8C000E6237C72A248867F6B /* HomeRecentView.swift in Sources */ = {isa = PBXBuildFile; fileRef = 12A8A45C88D1F2D7CFE8299C /* HomeRecentView.swift */; };
		D9956B529CF8439147E91443 /* MainCoordinatorView.swift in Sources */ = {isa = PBXBuildFile; fileRef = 0CD731A0BFE705E7510821A6 /* MainCoordinatorView.swift */; };
		DA1F63D9CE3D615C70FDD5F6 /* ToggleFavoriteUseCase.swift in Sources */ = {isa = PBXBuildFile; fileRef = FA91FC881DB55ECC0A38545E /* ToggleFavoriteUseCase.swift */; };
		DA5914D6B5113C4CCE945390 /* GetContactUseCase.swift in Sources */ = {isa = PBXBuildFile; fileRef = 706F157E1B39EE1C2F867803 /* GetContactUseCase.swift */; };
		E2F1629E354F7DB0836239D5 /* ConnectState.swift in Sources */ = {isa = PBXBuildFile; fileRef = E0C238C95D912831484E7EAB /* ConnectState.swift */; };
		E346A309707D4DE6470700F2 /* GetRequestAccessUseCase.swift in Sources */ = {isa = PBXBuildFile; fileRef = AE83FCB10AA325341A6667AD /* GetRequestAccessUseCase.swift */; };
		E8EA8581EE2E62E8112B6F98 /* ToggleSwitch.swift in Sources */ = {isa = PBXBuildFile; fileRef = 6B6E3422C6334299BC0E41B4 /* ToggleSwitch.swift */; };
		E9C21F0EFC4F8627BC56ED60 /* HexCell+AllColors.swift in Sources */ = {isa = PBXBuildFile; fileRef = 5FE2BC7CF7418AA4C674C1D3 /* HexCell+AllColors.swift */; };
		FC397C160A1837552E3ADA2D /* SearchTextField.swift in Sources */ = {isa = PBXBuildFile; fileRef = CC23BE69F763A3514A9FE029 /* SearchTextField.swift */; };
		FE348C621E8F9E9D9876815E /* LabeledValue.swift in Sources */ = {isa = PBXBuildFile; fileRef = EFC5494B7EF39434EF7DF085 /* LabeledValue.swift */; };
		FFF62905ECC96896AF226988 /* Usage.swift in Sources */ = {isa = PBXBuildFile; fileRef = E22D37C63B30A3319AAD6274 /* Usage.swift */; };
/* End PBXBuildFile section */

/* Begin PBXCopyFilesBuildPhase section */
		B980B8554537DEE6C7DADFE5 /* Embed Frameworks */ = {
			isa = PBXCopyFilesBuildPhase;
			buildActionMask = 2147483647;
			dstPath = "";
			dstSubfolderSpec = 10;
			files = (
				7A3348714927A66CC2D1C72B /* RealmSwift in Embed Frameworks */,
			);
			name = "Embed Frameworks";
			runOnlyForDeploymentPostprocessing = 0;
		};
/* End PBXCopyFilesBuildPhase section */

/* Begin PBXFileReference section */
		012C628CC25D3EB89C5508A4 /* ContactsPermissionViewModel.swift */ = {isa = PBXFileReference; lastKnownFileType = sourcecode.swift; path = ContactsPermissionViewModel.swift; sourceTree = "<group>"; };
		04B084AEE50908424255F050 /* MyProfileView.swift */ = {isa = PBXFileReference; lastKnownFileType = sourcecode.swift; path = MyProfileView.swift; sourceTree = "<group>"; };
		04B30C28B58367E7B197BE4B /* Carousel3D.swift */ = {isa = PBXFileReference; lastKnownFileType = sourcecode.swift; path = Carousel3D.swift; sourceTree = "<group>"; };
		054885A857D0E15D6235499E /* AppCoordinatorView.swift */ = {isa = PBXFileReference; lastKnownFileType = sourcecode.swift; path = AppCoordinatorView.swift; sourceTree = "<group>"; };
		0CD731A0BFE705E7510821A6 /* MainCoordinatorView.swift */ = {isa = PBXFileReference; lastKnownFileType = sourcecode.swift; path = MainCoordinatorView.swift; sourceTree = "<group>"; };
		0D4593B6539C66B7D9A1ED91 /* Contact.swift */ = {isa = PBXFileReference; lastKnownFileType = sourcecode.swift; path = Contact.swift; sourceTree = "<group>"; };
		0E6AFEAD5AC20A1B2227FBF5 /* SearchBarView.swift */ = {isa = PBXFileReference; lastKnownFileType = sourcecode.swift; path = SearchBarView.swift; sourceTree = "<group>"; };
		0FB6DBFF7970AFACD3C27E3E /* ContactsRepository.swift */ = {isa = PBXFileReference; lastKnownFileType = sourcecode.swift; path = ContactsRepository.swift; sourceTree = "<group>"; };
		12A8A45C88D1F2D7CFE8299C /* HomeRecentView.swift */ = {isa = PBXFileReference; lastKnownFileType = sourcecode.swift; path = HomeRecentView.swift; sourceTree = "<group>"; };
		160E3CA9B1DCB8A0BEABD4FA /* SwitcherItemView.swift */ = {isa = PBXFileReference; lastKnownFileType = sourcecode.swift; path = SwitcherItemView.swift; sourceTree = "<group>"; };
		1733C90894014D1275B02BAE /* Assets.xcassets */ = {isa = PBXFileReference; lastKnownFileType = folder.assetcatalog; path = Assets.xcassets; sourceTree = "<group>"; };
		1B5485D1DABA55B3C836CE3C /* SyncPhoneBookButton.swift */ = {isa = PBXFileReference; lastKnownFileType = sourcecode.swift; path = SyncPhoneBookButton.swift; sourceTree = "<group>"; };
		1D93416A3DD7A0AFCE7A6601 /* GetContactsStatusUseCase.swift */ = {isa = PBXFileReference; lastKnownFileType = sourcecode.swift; path = GetContactsStatusUseCase.swift; sourceTree = "<group>"; };
		234B2D2B4FAEF773EBC72753 /* Launch Screen.storyboard */ = {isa = PBXFileReference; lastKnownFileType = file.storyboard; path = "Launch Screen.storyboard"; sourceTree = "<group>"; };
		2A658DCF70305B50E339BA75 /* SearchNameUseCase.swift */ = {isa = PBXFileReference; lastKnownFileType = sourcecode.swift; path = SearchNameUseCase.swift; sourceTree = "<group>"; };
		2CC76B73DBB95CD04CE74D22 /* HexGrid.swift */ = {isa = PBXFileReference; lastKnownFileType = sourcecode.swift; path = HexGrid.swift; sourceTree = "<group>"; };
		2D6AA00C2AFADD4B5FE2A284 /* DrawerViewModifier.swift */ = {isa = PBXFileReference; lastKnownFileType = sourcecode.swift; path = DrawerViewModifier.swift; sourceTree = "<group>"; };
		35604CFB64FC2FF7E6949001 /* AddFavouritesPopup.swift */ = {isa = PBXFileReference; lastKnownFileType = sourcecode.swift; path = AddFavouritesPopup.swift; sourceTree = "<group>"; };
		3681542F5809256D60BF509A /* ContactsPermissionViewState.swift */ = {isa = PBXFileReference; lastKnownFileType = sourcecode.swift; path = ContactsPermissionViewState.swift; sourceTree = "<group>"; };
		390D5A67819FDDEC72A16A41 /* SearchView.swift */ = {isa = PBXFileReference; lastKnownFileType = sourcecode.swift; path = SearchView.swift; sourceTree = "<group>"; };
		3E31C314EEEBD61F78E3DABE /* ConnectHexagonContainerView.swift */ = {isa = PBXFileReference; lastKnownFileType = sourcecode.swift; path = ConnectHexagonContainerView.swift; sourceTree = "<group>"; };
		3F9E32E3FBDF5E31D42ABEC8 /* OnboardingCoordinator.swift */ = {isa = PBXFileReference; lastKnownFileType = sourcecode.swift; path = OnboardingCoordinator.swift; sourceTree = "<group>"; };
		4218E04A02110E247A7D36F0 /* Montserrat-Regular.ttf */ = {isa = PBXFileReference; lastKnownFileType = file; path = "Montserrat-Regular.ttf"; sourceTree = "<group>"; };
		438EA960BEF35BD8459F0A9A /* MainCoordinatorProtocol.swift */ = {isa = PBXFileReference; lastKnownFileType = sourcecode.swift; path = MainCoordinatorProtocol.swift; sourceTree = "<group>"; };
		458E3A6D0134BCFC34A5ECA0 /* ContactsPermissionView.swift */ = {isa = PBXFileReference; lastKnownFileType = sourcecode.swift; path = ContactsPermissionView.swift; sourceTree = "<group>"; };
		459617E9C1288EFA7617ECCA /* DetailsView.swift */ = {isa = PBXFileReference; lastKnownFileType = sourcecode.swift; path = DetailsView.swift; sourceTree = "<group>"; };
		45E55B3D0ABB737688FFFDB8 /* MainCoordinator.swift */ = {isa = PBXFileReference; lastKnownFileType = sourcecode.swift; path = MainCoordinator.swift; sourceTree = "<group>"; };
		46AE966E1718EE37D0192BE6 /* GetFavoriteContactsUseCase.swift */ = {isa = PBXFileReference; lastKnownFileType = sourcecode.swift; path = GetFavoriteContactsUseCase.swift; sourceTree = "<group>"; };
		46D8E5FD320D3F562F70A0E5 /* SizeChangeModifier.swift */ = {isa = PBXFileReference; lastKnownFileType = sourcecode.swift; path = SizeChangeModifier.swift; sourceTree = "<group>"; };
		4F26C8DD0F9AE257EDEF5CF2 /* MyProfileState.swift */ = {isa = PBXFileReference; lastKnownFileType = sourcecode.swift; path = MyProfileState.swift; sourceTree = "<group>"; };
		5126DBD55264BD59B22E1915 /* LabeledValueObject.swift */ = {isa = PBXFileReference; lastKnownFileType = sourcecode.swift; path = LabeledValueObject.swift; sourceTree = "<group>"; };
		51E76E59FA6A9467CC990305 /* LandingView.swift */ = {isa = PBXFileReference; lastKnownFileType = sourcecode.swift; path = LandingView.swift; sourceTree = "<group>"; };
		54CB9D575FB2523C9DF4133E /* Preview Assets.xcassets */ = {isa = PBXFileReference; lastKnownFileType = folder.assetcatalog; path = "Preview Assets.xcassets"; sourceTree = "<group>"; };
		5552D04F9F27C760360DB6C5 /* Montserrat-Medium.ttf */ = {isa = PBXFileReference; lastKnownFileType = file; path = "Montserrat-Medium.ttf"; sourceTree = "<group>"; };
		55C08BDCD8BB25208C292D08 /* HomeViewModel.swift */ = {isa = PBXFileReference; lastKnownFileType = sourcecode.swift; path = HomeViewModel.swift; sourceTree = "<group>"; };
		560907E0FAEBDBFAE1523678 /* SearchState.swift */ = {isa = PBXFileReference; lastKnownFileType = sourcecode.swift; path = SearchState.swift; sourceTree = "<group>"; };
		5791CBB8D056B3C12CAB5B10 /* IntroView.swift */ = {isa = PBXFileReference; lastKnownFileType = sourcecode.swift; path = IntroView.swift; sourceTree = "<group>"; };
		5A1D4DA0987E7EE8880F06B0 /* SizePreferenceKey.swift */ = {isa = PBXFileReference; lastKnownFileType = sourcecode.swift; path = SizePreferenceKey.swift; sourceTree = "<group>"; };
		5C3F4C0AB8DBD19C126DE6F3 /* OffsetCoordinate.swift */ = {isa = PBXFileReference; lastKnownFileType = sourcecode.swift; path = OffsetCoordinate.swift; sourceTree = "<group>"; };
		5D9D57815EB1C706BE979499 /* ANY_network.entitlements */ = {isa = PBXFileReference; lastKnownFileType = text.plist.entitlements; path = ANY_network.entitlements; sourceTree = "<group>"; };
		5E9FFD942C5D517E00735D78 /* AsyncImageWithCache.swift */ = {isa = PBXFileReference; lastKnownFileType = sourcecode.swift; path = AsyncImageWithCache.swift; sourceTree = "<group>"; };
		5F9EC173489C2E65ECDD6E8D /* OnboardingCoordinatorView.swift */ = {isa = PBXFileReference; lastKnownFileType = sourcecode.swift; path = OnboardingCoordinatorView.swift; sourceTree = "<group>"; };
		5FBDA06A8AF2444DD5955CC4 /* SearchViewModel.swift */ = {isa = PBXFileReference; lastKnownFileType = sourcecode.swift; path = SearchViewModel.swift; sourceTree = "<group>"; };
		5FE2BC7CF7418AA4C674C1D3 /* HexCell+AllColors.swift */ = {isa = PBXFileReference; lastKnownFileType = sourcecode.swift; path = "HexCell+AllColors.swift"; sourceTree = "<group>"; };
		605DF100B66918B07B845D63 /* HexagonTextField.swift */ = {isa = PBXFileReference; lastKnownFileType = sourcecode.swift; path = HexagonTextField.swift; sourceTree = "<group>"; };
		614677A10A26F1F456B0F633 /* RadioButton.swift */ = {isa = PBXFileReference; lastKnownFileType = sourcecode.swift; path = RadioButton.swift; sourceTree = "<group>"; };
		61693F56C2C7E09A8C793EC5 /* HexCell.swift */ = {isa = PBXFileReference; lastKnownFileType = sourcecode.swift; path = HexCell.swift; sourceTree = "<group>"; };
		6224A8EAD038DE9ED1F41806 /* SwitcherItem.swift */ = {isa = PBXFileReference; lastKnownFileType = sourcecode.swift; path = SwitcherItem.swift; sourceTree = "<group>"; };
		64237825CA3869820E9BAEAD /* ContactsRepositoryImplementation.swift */ = {isa = PBXFileReference; lastKnownFileType = sourcecode.swift; path = ContactsRepositoryImplementation.swift; sourceTree = "<group>"; };
		6672A3663F4FBE69E37E6DFB /* HepticService.swift */ = {isa = PBXFileReference; lastKnownFileType = sourcecode.swift; path = HepticService.swift; sourceTree = "<group>"; };
		6B6E3422C6334299BC0E41B4 /* ToggleSwitch.swift */ = {isa = PBXFileReference; lastKnownFileType = sourcecode.swift; path = ToggleSwitch.swift; sourceTree = "<group>"; };
		6BC35D8177FF37C520E5FB01 /* SwitcherView.swift */ = {isa = PBXFileReference; lastKnownFileType = sourcecode.swift; path = SwitcherView.swift; sourceTree = "<group>"; };
		6EF4F0C50B04694FA60B1CCA /* MyProfileViewModel.swift */ = {isa = PBXFileReference; lastKnownFileType = sourcecode.swift; path = MyProfileViewModel.swift; sourceTree = "<group>"; };
		706F157E1B39EE1C2F867803 /* GetContactUseCase.swift */ = {isa = PBXFileReference; lastKnownFileType = sourcecode.swift; path = GetContactUseCase.swift; sourceTree = "<group>"; };
		74BB3EBC72706F14B3DC68CB /* RealmProvider.swift */ = {isa = PBXFileReference; lastKnownFileType = sourcecode.swift; path = RealmProvider.swift; sourceTree = "<group>"; };
		754799DCD2ABD2865B0EF556 /* RegularHexagonButton.swift */ = {isa = PBXFileReference; lastKnownFileType = sourcecode.swift; path = RegularHexagonButton.swift; sourceTree = "<group>"; };
		757E681AF60E4C367F24BF6B /* ContactCell.swift */ = {isa = PBXFileReference; lastKnownFileType = sourcecode.swift; path = ContactCell.swift; sourceTree = "<group>"; };
		777339B65D8EFFF729D80CE9 /* CornerRadiusWithBorderModifier.swift */ = {isa = PBXFileReference; lastKnownFileType = sourcecode.swift; path = CornerRadiusWithBorderModifier.swift; sourceTree = "<group>"; };
		808B4929D809D80BD3FECC23 /* CNContact+Additions.swift */ = {isa = PBXFileReference; lastKnownFileType = sourcecode.swift; path = "CNContact+Additions.swift"; sourceTree = "<group>"; };
		81FA5A2F560C585CF244FFBD /* ContactObject.swift */ = {isa = PBXFileReference; lastKnownFileType = sourcecode.swift; path = ContactObject.swift; sourceTree = "<group>"; };
		84C285D9181978DC18904A77 /* ANY_networkApp.swift */ = {isa = PBXFileReference; lastKnownFileType = sourcecode.swift; path = ANY_networkApp.swift; sourceTree = "<group>"; };
		8AEC2D2EBF2AFD93242388EB /* GlowModifier.swift */ = {isa = PBXFileReference; lastKnownFileType = sourcecode.swift; path = GlowModifier.swift; sourceTree = "<group>"; };
		8C8379B1D6C145F21F786F90 /* HomeViewState.swift */ = {isa = PBXFileReference; lastKnownFileType = sourcecode.swift; path = HomeViewState.swift; sourceTree = "<group>"; };
		9319844B8526912B4F3E2805 /* GetAllContactsUseCase.swift */ = {isa = PBXFileReference; lastKnownFileType = sourcecode.swift; path = GetAllContactsUseCase.swift; sourceTree = "<group>"; };
		947BFF991F13483041462DA6 /* ConnectView.swift */ = {isa = PBXFileReference; lastKnownFileType = sourcecode.swift; path = ConnectView.swift; sourceTree = "<group>"; };
		9817DFC9720E4BA02B4F1075 /* UsageObject.swift */ = {isa = PBXFileReference; lastKnownFileType = sourcecode.swift; path = UsageObject.swift; sourceTree = "<group>"; };
		A6F206243E56A6E56DF2608E /* ANY network.app */ = {isa = PBXFileReference; explicitFileType = wrapper.application; includeInIndex = 0; path = "ANY network.app"; sourceTree = BUILT_PRODUCTS_DIR; };
		A755A0CC852ADF91641905C2 /* RotatedHexagonShape.swift */ = {isa = PBXFileReference; lastKnownFileType = sourcecode.swift; path = RotatedHexagonShape.swift; sourceTree = "<group>"; };
		A7C426AB6C90D9494C9E691E /* HexagonShape.swift */ = {isa = PBXFileReference; lastKnownFileType = sourcecode.swift; path = HexagonShape.swift; sourceTree = "<group>"; };
		A98456027335AC2BB365B133 /* HomeView.swift */ = {isa = PBXFileReference; lastKnownFileType = sourcecode.swift; path = HomeView.swift; sourceTree = "<group>"; };
		AE83FCB10AA325341A6667AD /* GetRequestAccessUseCase.swift */ = {isa = PBXFileReference; lastKnownFileType = sourcecode.swift; path = GetRequestAccessUseCase.swift; sourceTree = "<group>"; };
		B1A0537E72C37E2AFF4214C5 /* Montserrat-SemiBold.ttf */ = {isa = PBXFileReference; lastKnownFileType = file; path = "Montserrat-SemiBold.ttf"; sourceTree = "<group>"; };
		B298F2BB201A460BA8503A0D /* CenterPointModifier.swift */ = {isa = PBXFileReference; lastKnownFileType = sourcecode.swift; path = CenterPointModifier.swift; sourceTree = "<group>"; };
		B4E242B52124556CAA9E3E9B /* FlexibleSize.swift */ = {isa = PBXFileReference; lastKnownFileType = sourcecode.swift; path = FlexibleSize.swift; sourceTree = "<group>"; };
		B5A489C4EB3C630E21997586 /* DetailsViewModel.swift */ = {isa = PBXFileReference; lastKnownFileType = sourcecode.swift; path = DetailsViewModel.swift; sourceTree = "<group>"; };
		B5B47BB3C6243EFDC8C5BBF1 /* Info.plist */ = {isa = PBXFileReference; lastKnownFileType = text.plist; path = Info.plist; sourceTree = "<group>"; };
		B5E85D0F5C9DBE36BD462BF9 /* NativeFavoriteObject.swift */ = {isa = PBXFileReference; lastKnownFileType = sourcecode.swift; path = NativeFavoriteObject.swift; sourceTree = "<group>"; };
		BE1D9C7B7999D8E605366A69 /* DetailsState.swift */ = {isa = PBXFileReference; lastKnownFileType = sourcecode.swift; path = DetailsState.swift; sourceTree = "<group>"; };
		C3A5816224E64421B9C17B7A /* PlainTextButton.swift */ = {isa = PBXFileReference; lastKnownFileType = sourcecode.swift; path = PlainTextButton.swift; sourceTree = "<group>"; };
		C6C43667E2F12195844B2AF9 /* ScreenFactory.swift */ = {isa = PBXFileReference; lastKnownFileType = sourcecode.swift; path = ScreenFactory.swift; sourceTree = "<group>"; };
		C8081BBC06545746A9214B3E /* CoordinatorFactoryProtocols.swift */ = {isa = PBXFileReference; lastKnownFileType = sourcecode.swift; path = CoordinatorFactoryProtocols.swift; sourceTree = "<group>"; };
		C99C8900B00CB6CC212E1082 /* ViewModel.swift */ = {isa = PBXFileReference; lastKnownFileType = sourcecode.swift; path = ViewModel.swift; sourceTree = "<group>"; };
		C9DC0708546E3452E1F2AD8A /* HexLayout.swift */ = {isa = PBXFileReference; lastKnownFileType = sourcecode.swift; path = HexLayout.swift; sourceTree = "<group>"; };
		CC23BE69F763A3514A9FE029 /* SearchTextField.swift */ = {isa = PBXFileReference; lastKnownFileType = sourcecode.swift; path = SearchTextField.swift; sourceTree = "<group>"; };
		D02BA7965CCED33A25182800 /* HexagonButton.swift */ = {isa = PBXFileReference; lastKnownFileType = sourcecode.swift; path = HexagonButton.swift; sourceTree = "<group>"; };
		D1E059ED580B919A14B54C8E /* SearchButton.swift */ = {isa = PBXFileReference; lastKnownFileType = sourcecode.swift; path = SearchButton.swift; sourceTree = "<group>"; };
		D5887F5515894A83F84118E0 /* ConnectViewModel.swift */ = {isa = PBXFileReference; lastKnownFileType = sourcecode.swift; path = ConnectViewModel.swift; sourceTree = "<group>"; };
		D658F58F264E8D3EBA5FE7A9 /* NativeContactsDataSource.swift */ = {isa = PBXFileReference; lastKnownFileType = sourcecode.swift; path = NativeContactsDataSource.swift; sourceTree = "<group>"; };
		D7435444EE24391BE19766B2 /* IntroViewModel.swift */ = {isa = PBXFileReference; lastKnownFileType = sourcecode.swift; path = IntroViewModel.swift; sourceTree = "<group>"; };
		D7D47C8F9AC5576370393BEE /* ScrollViewWrapper.swift */ = {isa = PBXFileReference; lastKnownFileType = sourcecode.swift; path = ScrollViewWrapper.swift; sourceTree = "<group>"; };
		DB174F7C981EA9E00A05847C /* RealmContactsDataSource.swift */ = {isa = PBXFileReference; lastKnownFileType = sourcecode.swift; path = RealmContactsDataSource.swift; sourceTree = "<group>"; };
		DC6CE54DFC33B5A1A308D040 /* IntroState.swift */ = {isa = PBXFileReference; lastKnownFileType = sourcecode.swift; path = IntroState.swift; sourceTree = "<group>"; };
		DD008FC98A85E0492C4403CE /* AppCoordinator.swift */ = {isa = PBXFileReference; lastKnownFileType = sourcecode.swift; path = AppCoordinator.swift; sourceTree = "<group>"; };
		E096771F239B02B67DCAA55A /* HexAvatar.swift */ = {isa = PBXFileReference; lastKnownFileType = sourcecode.swift; path = HexAvatar.swift; sourceTree = "<group>"; };
		E0C238C95D912831484E7EAB /* ConnectState.swift */ = {isa = PBXFileReference; lastKnownFileType = sourcecode.swift; path = ConnectState.swift; sourceTree = "<group>"; };
		E19D579EFC63895CF84BA8A4 /* SizeModifier.swift */ = {isa = PBXFileReference; lastKnownFileType = sourcecode.swift; path = SizeModifier.swift; sourceTree = "<group>"; };
		E1BCCC2590AB3B17E0356F01 /* Fonts.swift */ = {isa = PBXFileReference; lastKnownFileType = sourcecode.swift; path = Fonts.swift; sourceTree = "<group>"; };
		E1C2F7CF847DA6487911C81D /* Coordinator.swift */ = {isa = PBXFileReference; lastKnownFileType = sourcecode.swift; path = Coordinator.swift; sourceTree = "<group>"; };
		E22D37C63B30A3319AAD6274 /* Usage.swift */ = {isa = PBXFileReference; lastKnownFileType = sourcecode.swift; path = Usage.swift; sourceTree = "<group>"; };
		E316BF35C996A02C815F1805 /* Montserrat-Bold.ttf */ = {isa = PBXFileReference; lastKnownFileType = file; path = "Montserrat-Bold.ttf"; sourceTree = "<group>"; };
		E550A010364196ECB50173EE /* AppFactoryProtocols.swift */ = {isa = PBXFileReference; lastKnownFileType = sourcecode.swift; path = AppFactoryProtocols.swift; sourceTree = "<group>"; };
		EFC5494B7EF39434EF7DF085 /* LabeledValue.swift */ = {isa = PBXFileReference; lastKnownFileType = sourcecode.swift; path = LabeledValue.swift; sourceTree = "<group>"; };
		FA91FC881DB55ECC0A38545E /* ToggleFavoriteUseCase.swift */ = {isa = PBXFileReference; lastKnownFileType = sourcecode.swift; path = ToggleFavoriteUseCase.swift; sourceTree = "<group>"; };
		FB56E16984D9DFDFF9AB9FAC /* OnboardingCoordinatorProtocol.swift */ = {isa = PBXFileReference; lastKnownFileType = sourcecode.swift; path = OnboardingCoordinatorProtocol.swift; sourceTree = "<group>"; };
		FC1693951402DDC0A0793DC2 /* AppFactory.swift */ = {isa = PBXFileReference; lastKnownFileType = sourcecode.swift; path = AppFactory.swift; sourceTree = "<group>"; };
		FDC775405F9838A661B5ACAA /* RealmActor.swift */ = {isa = PBXFileReference; lastKnownFileType = sourcecode.swift; path = RealmActor.swift; sourceTree = "<group>"; };
		FFA61D1D429B8A7684223FB1 /* BackButton.swift */ = {isa = PBXFileReference; lastKnownFileType = sourcecode.swift; path = BackButton.swift; sourceTree = "<group>"; };
		FFF07F5BA3E3A13ADB7BB241 /* Routable.swift */ = {isa = PBXFileReference; lastKnownFileType = sourcecode.swift; path = Routable.swift; sourceTree = "<group>"; };
/* End PBXFileReference section */

/* Begin PBXFrameworksBuildPhase section */
		B37B6B8D5635C58F317BF8E2 /* Frameworks */ = {
			isa = PBXFrameworksBuildPhase;
			buildActionMask = 2147483647;
			files = (
				4B68A0CFE4D0BEECBEFFB930 /* RealmSwift in Frameworks */,
			);
			runOnlyForDeploymentPostprocessing = 0;
		};
/* End PBXFrameworksBuildPhase section */

/* Begin PBXGroup section */
		05D1CEB824579F44B05AF178 /* ANY network */ = {
			isa = PBXGroup;
			children = (
				84C285D9181978DC18904A77 /* ANY_networkApp.swift */,
				CD7551186AD6FD8DE58DFB43 /* Application */,
				175E7D795F723BA0B16AD961 /* Data */,
				2F683CDE693FC9118F7A7F69 /* Domain */,
				74488F09BB5C1DCEC970B658 /* Presentation */,
				A0ED148F56788BA53606B824 /* Preview Content */,
				D1DEA8AA988BA4F7ADDF3EDB /* Resources */,
				4EDADAF7A6941B18BA103C8E /* Services */,
			);
			path = "ANY network";
			sourceTree = "<group>";
		};
		0B5A4062DF11169AD70BAF62 /* Repositories */ = {
			isa = PBXGroup;
			children = (
				0FB6DBFF7970AFACD3C27E3E /* ContactsRepository.swift */,
			);
			path = Repositories;
			sourceTree = "<group>";
		};
		0C9A60CBBC20A830F7702018 /* Landing */ = {
			isa = PBXGroup;
			children = (
				51E76E59FA6A9467CC990305 /* LandingView.swift */,
			);
			path = Landing;
			sourceTree = "<group>";
		};
		14C160C6D9675771DB447F80 /* DataSources */ = {
			isa = PBXGroup;
			children = (
				D658F58F264E8D3EBA5FE7A9 /* NativeContactsDataSource.swift */,
				DB174F7C981EA9E00A05847C /* RealmContactsDataSource.swift */,
			);
			path = DataSources;
			sourceTree = "<group>";
		};
		175E7D795F723BA0B16AD961 /* Data */ = {
			isa = PBXGroup;
			children = (
				14C160C6D9675771DB447F80 /* DataSources */,
				A7C32F5174C3D4FB32E456FC /* Extensions */,
				5917A14CC2DCBE1B867299A3 /* Models */,
				B6AF37A30FBD3E570E0999B7 /* Realm */,
				D4719599BE7F7631B6236BE9 /* Repositories */,
			);
			path = Data;
			sourceTree = "<group>";
		};
		17847CA013275377399D1BA0 = {
			isa = PBXGroup;
			children = (
				05D1CEB824579F44B05AF178 /* ANY network */,
				7E6F345B17290E7957F08BF2 /* Products */,
			);
			sourceTree = "<group>";
		};
		2115F8086CB66CFE36A89CE5 /* ViewModifiers */ = {
			isa = PBXGroup;
			children = (
				B298F2BB201A460BA8503A0D /* CenterPointModifier.swift */,
				777339B65D8EFFF729D80CE9 /* CornerRadiusWithBorderModifier.swift */,
				2D6AA00C2AFADD4B5FE2A284 /* DrawerViewModifier.swift */,
				8AEC2D2EBF2AFD93242388EB /* GlowModifier.swift */,
				46D8E5FD320D3F562F70A0E5 /* SizeChangeModifier.swift */,
				E19D579EFC63895CF84BA8A4 /* SizeModifier.swift */,
			);
			path = ViewModifiers;
			sourceTree = "<group>";
		};
		2219BF9DBDA9FCDC06E69DA4 /* PreferenceKeys */ = {
			isa = PBXGroup;
			children = (
				5A1D4DA0987E7EE8880F06B0 /* SizePreferenceKey.swift */,
			);
			path = PreferenceKeys;
			sourceTree = "<group>";
		};
		2F683CDE693FC9118F7A7F69 /* Domain */ = {
			isa = PBXGroup;
			children = (
				B159D9E81F051EB620CB669F /* Entities */,
				0B5A4062DF11169AD70BAF62 /* Repositories */,
				B463A4CEDC4E16B8E6B22D03 /* UseCase */,
			);
			path = Domain;
			sourceTree = "<group>";
		};
		40CEDE633B5F535572D232A6 /* Views */ = {
			isa = PBXGroup;
			children = (
				757E681AF60E4C367F24BF6B /* ContactCell.swift */,
				12A8A45C88D1F2D7CFE8299C /* HomeRecentView.swift */,
				0E6AFEAD5AC20A1B2227FBF5 /* SearchBarView.swift */,
				D1E059ED580B919A14B54C8E /* SearchButton.swift */,
			);
			path = Views;
			sourceTree = "<group>";
		};
		4325EDABF541D3A89A3111DD /* Common */ = {
			isa = PBXGroup;
			children = (
				605DF100B66918B07B845D63 /* HexagonTextField.swift */,
				D7D47C8F9AC5576370393BEE /* ScrollViewWrapper.swift */,
				5E9FFD942C5D517E00735D78 /* AsyncImageWithCache.swift */,
				CC23BE69F763A3514A9FE029 /* SearchTextField.swift */,
				6B6E3422C6334299BC0E41B4 /* ToggleSwitch.swift */,
				968E3C9F2CFC905E7CCD16AE /* Hexagons */,
				C16FDAB0C98F1F7C3FCB037F /* Switcher */,
			);
			path = Common;
			sourceTree = "<group>";
		};
		444755284F022D99853E3E8D /* Buttons */ = {
			isa = PBXGroup;
			children = (
				35604CFB64FC2FF7E6949001 /* AddFavouritesPopup.swift */,
				FFA61D1D429B8A7684223FB1 /* BackButton.swift */,
				D02BA7965CCED33A25182800 /* HexagonButton.swift */,
				C3A5816224E64421B9C17B7A /* PlainTextButton.swift */,
				614677A10A26F1F456B0F633 /* RadioButton.swift */,
				754799DCD2ABD2865B0EF556 /* RegularHexagonButton.swift */,
				1B5485D1DABA55B3C836CE3C /* SyncPhoneBookButton.swift */,
			);
			path = Buttons;
			sourceTree = "<group>";
		};
		4EDADAF7A6941B18BA103C8E /* Services */ = {
			isa = PBXGroup;
			children = (
				6672A3663F4FBE69E37E6DFB /* HepticService.swift */,
			);
			path = Services;
			sourceTree = "<group>";
		};
		5551430D5A17A077FFA1F6D9 /* Coordinator */ = {
			isa = PBXGroup;
			children = (
				3F9E32E3FBDF5E31D42ABEC8 /* OnboardingCoordinator.swift */,
				FB56E16984D9DFDFF9AB9FAC /* OnboardingCoordinatorProtocol.swift */,
				5F9EC173489C2E65ECDD6E8D /* OnboardingCoordinatorView.swift */,
			);
			path = Coordinator;
			sourceTree = "<group>";
		};
		57F5BE5878167E7AC586D3F8 /* Coordinator */ = {
			isa = PBXGroup;
			children = (
				45E55B3D0ABB737688FFFDB8 /* MainCoordinator.swift */,
				438EA960BEF35BD8459F0A9A /* MainCoordinatorProtocol.swift */,
				0CD731A0BFE705E7510821A6 /* MainCoordinatorView.swift */,
			);
			path = Coordinator;
			sourceTree = "<group>";
		};
		5917A14CC2DCBE1B867299A3 /* Models */ = {
			isa = PBXGroup;
			children = (
				81FA5A2F560C585CF244FFBD /* ContactObject.swift */,
				5126DBD55264BD59B22E1915 /* LabeledValueObject.swift */,
				B5E85D0F5C9DBE36BD462BF9 /* NativeFavoriteObject.swift */,
				9817DFC9720E4BA02B4F1075 /* UsageObject.swift */,
			);
			path = Models;
			sourceTree = "<group>";
		};
		5EBCD0823E85614381D81E03 /* Details */ = {
			isa = PBXGroup;
			children = (
				BE1D9C7B7999D8E605366A69 /* DetailsState.swift */,
				459617E9C1288EFA7617ECCA /* DetailsView.swift */,
				B5A489C4EB3C630E21997586 /* DetailsViewModel.swift */,
			);
			path = Details;
			sourceTree = "<group>";
		};
		606EEB008A9AEBEC399A8F22 /* Screens */ = {
			isa = PBXGroup;
			children = (
				C54354FB49FE557842F3F67B /* Coordinator */,
				7CF7537BEFBAC0A2685ADDDA /* Home */,
				885245B97C2EDED4C8D2B70C /* Onboarding */,
			);
			path = Screens;
			sourceTree = "<group>";
		};
		693A0996AD26CF24EBAFBC34 /* Shapes */ = {
			isa = PBXGroup;
			children = (
				A7C426AB6C90D9494C9E691E /* HexagonShape.swift */,
				A755A0CC852ADF91641905C2 /* RotatedHexagonShape.swift */,
			);
			path = Shapes;
			sourceTree = "<group>";
		};
		7106F257D818B01E2085733B /* Views */ = {
			isa = PBXGroup;
			children = (
				3E31C314EEEBD61F78E3DABE /* ConnectHexagonContainerView.swift */,
			);
			path = Views;
			sourceTree = "<group>";
		};
		74488F09BB5C1DCEC970B658 /* Presentation */ = {
			isa = PBXGroup;
			children = (
				80365D1B1F214BA0E2BDC814 /* Common */,
				606EEB008A9AEBEC399A8F22 /* Screens */,
			);
			path = Presentation;
			sourceTree = "<group>";
		};
		7CF7537BEFBAC0A2685ADDDA /* Home */ = {
			isa = PBXGroup;
			children = (
				57F5BE5878167E7AC586D3F8 /* Coordinator */,
				5EBCD0823E85614381D81E03 /* Details */,
				9DA62914B818F62B06F34120 /* Home */,
				FFD807E0786D3650B3BBBB52 /* MyProfile */,
				7EED54705F0F7F6CADC5E891 /* Search */,
			);
			path = Home;
			sourceTree = "<group>";
		};
		7E6F345B17290E7957F08BF2 /* Products */ = {
			isa = PBXGroup;
			children = (
				A6F206243E56A6E56DF2608E /* ANY network.app */,
			);
			name = Products;
			sourceTree = "<group>";
		};
		7EED54705F0F7F6CADC5E891 /* Search */ = {
			isa = PBXGroup;
			children = (
				560907E0FAEBDBFAE1523678 /* SearchState.swift */,
				390D5A67819FDDEC72A16A41 /* SearchView.swift */,
				5FBDA06A8AF2444DD5955CC4 /* SearchViewModel.swift */,
			);
			path = Search;
			sourceTree = "<group>";
		};
		80365D1B1F214BA0E2BDC814 /* Common */ = {
			isa = PBXGroup;
			children = (
				883DDFDF7EB81203130B2017 /* Components */,
				94FA2CDDA5FCC2323DE75C55 /* Fonts */,
				2219BF9DBDA9FCDC06E69DA4 /* PreferenceKeys */,
				89A84F55D8FB0121096C0304 /* Protocols */,
			);
			path = Common;
			sourceTree = "<group>";
		};
		883DDFDF7EB81203130B2017 /* Components */ = {
			isa = PBXGroup;
			children = (
				B4E242B52124556CAA9E3E9B /* FlexibleSize.swift */,
				444755284F022D99853E3E8D /* Buttons */,
				4325EDABF541D3A89A3111DD /* Common */,
				693A0996AD26CF24EBAFBC34 /* Shapes */,
				2115F8086CB66CFE36A89CE5 /* ViewModifiers */,
			);
			path = Components;
			sourceTree = "<group>";
		};
		885245B97C2EDED4C8D2B70C /* Onboarding */ = {
			isa = PBXGroup;
			children = (
				D3AA5C95733F8C1647B7D6A6 /* Connect */,
				89FA90D44F2360ABDFAF20D7 /* ContactsPermission */,
				5551430D5A17A077FFA1F6D9 /* Coordinator */,
				C7B106FEC437D2528840DE8F /* Intro */,
				0C9A60CBBC20A830F7702018 /* Landing */,
			);
			path = Onboarding;
			sourceTree = "<group>";
		};
		89A84F55D8FB0121096C0304 /* Protocols */ = {
			isa = PBXGroup;
			children = (
				E1C2F7CF847DA6487911C81D /* Coordinator.swift */,
				FFF07F5BA3E3A13ADB7BB241 /* Routable.swift */,
				C99C8900B00CB6CC212E1082 /* ViewModel.swift */,
			);
			path = Protocols;
			sourceTree = "<group>";
		};
		89FA90D44F2360ABDFAF20D7 /* ContactsPermission */ = {
			isa = PBXGroup;
			children = (
				458E3A6D0134BCFC34A5ECA0 /* ContactsPermissionView.swift */,
				012C628CC25D3EB89C5508A4 /* ContactsPermissionViewModel.swift */,
				3681542F5809256D60BF509A /* ContactsPermissionViewState.swift */,
			);
			path = ContactsPermission;
			sourceTree = "<group>";
		};
		94FA2CDDA5FCC2323DE75C55 /* Fonts */ = {
			isa = PBXGroup;
			children = (
				E1BCCC2590AB3B17E0356F01 /* Fonts.swift */,
			);
			path = Fonts;
			sourceTree = "<group>";
		};
		968E3C9F2CFC905E7CCD16AE /* Hexagons */ = {
			isa = PBXGroup;
			children = (
				E096771F239B02B67DCAA55A /* HexAvatar.swift */,
				61693F56C2C7E09A8C793EC5 /* HexCell.swift */,
				5FE2BC7CF7418AA4C674C1D3 /* HexCell+AllColors.swift */,
				2CC76B73DBB95CD04CE74D22 /* HexGrid.swift */,
				C9DC0708546E3452E1F2AD8A /* HexLayout.swift */,
				5C3F4C0AB8DBD19C126DE6F3 /* OffsetCoordinate.swift */,
			);
			path = Hexagons;
			sourceTree = "<group>";
		};
		9DA62914B818F62B06F34120 /* Home */ = {
			isa = PBXGroup;
			children = (
				A98456027335AC2BB365B133 /* HomeView.swift */,
				55C08BDCD8BB25208C292D08 /* HomeViewModel.swift */,
				8C8379B1D6C145F21F786F90 /* HomeViewState.swift */,
				40CEDE633B5F535572D232A6 /* Views */,
			);
			path = Home;
			sourceTree = "<group>";
		};
		A0ED148F56788BA53606B824 /* Preview Content */ = {
			isa = PBXGroup;
			children = (
				54CB9D575FB2523C9DF4133E /* Preview Assets.xcassets */,
			);
			path = "Preview Content";
			sourceTree = "<group>";
		};
		A7C32F5174C3D4FB32E456FC /* Extensions */ = {
			isa = PBXGroup;
			children = (
				808B4929D809D80BD3FECC23 /* CNContact+Additions.swift */,
			);
			path = Extensions;
			sourceTree = "<group>";
		};
		B159D9E81F051EB620CB669F /* Entities */ = {
			isa = PBXGroup;
			children = (
				0D4593B6539C66B7D9A1ED91 /* Contact.swift */,
				EFC5494B7EF39434EF7DF085 /* LabeledValue.swift */,
				E22D37C63B30A3319AAD6274 /* Usage.swift */,
			);
			path = Entities;
			sourceTree = "<group>";
		};
		B463A4CEDC4E16B8E6B22D03 /* UseCase */ = {
			isa = PBXGroup;
			children = (
				9319844B8526912B4F3E2805 /* GetAllContactsUseCase.swift */,
				1D93416A3DD7A0AFCE7A6601 /* GetContactsStatusUseCase.swift */,
				706F157E1B39EE1C2F867803 /* GetContactUseCase.swift */,
				46AE966E1718EE37D0192BE6 /* GetFavoriteContactsUseCase.swift */,
				AE83FCB10AA325341A6667AD /* GetRequestAccessUseCase.swift */,
				2A658DCF70305B50E339BA75 /* SearchNameUseCase.swift */,
				FA91FC881DB55ECC0A38545E /* ToggleFavoriteUseCase.swift */,
			);
			path = UseCase;
			sourceTree = "<group>";
		};
		B6AF37A30FBD3E570E0999B7 /* Realm */ = {
			isa = PBXGroup;
			children = (
				FDC775405F9838A661B5ACAA /* RealmActor.swift */,
				74BB3EBC72706F14B3DC68CB /* RealmProvider.swift */,
			);
			path = Realm;
			sourceTree = "<group>";
		};
		C16FDAB0C98F1F7C3FCB037F /* Switcher */ = {
			isa = PBXGroup;
			children = (
				04B30C28B58367E7B197BE4B /* Carousel3D.swift */,
				6224A8EAD038DE9ED1F41806 /* SwitcherItem.swift */,
				160E3CA9B1DCB8A0BEABD4FA /* SwitcherItemView.swift */,
				6BC35D8177FF37C520E5FB01 /* SwitcherView.swift */,
			);
			path = Switcher;
			sourceTree = "<group>";
		};
		C54354FB49FE557842F3F67B /* Coordinator */ = {
			isa = PBXGroup;
			children = (
				DD008FC98A85E0492C4403CE /* AppCoordinator.swift */,
				054885A857D0E15D6235499E /* AppCoordinatorView.swift */,
			);
			path = Coordinator;
			sourceTree = "<group>";
		};
		C7B106FEC437D2528840DE8F /* Intro */ = {
			isa = PBXGroup;
			children = (
				DC6CE54DFC33B5A1A308D040 /* IntroState.swift */,
				5791CBB8D056B3C12CAB5B10 /* IntroView.swift */,
				D7435444EE24391BE19766B2 /* IntroViewModel.swift */,
			);
			path = Intro;
			sourceTree = "<group>";
		};
		CD7551186AD6FD8DE58DFB43 /* Application */ = {
			isa = PBXGroup;
			children = (
				FC1693951402DDC0A0793DC2 /* AppFactory.swift */,
				E046E57C61F033C0AEE2FEA9 /* ScreenFactory */,
			);
			path = Application;
			sourceTree = "<group>";
		};
		D1DEA8AA988BA4F7ADDF3EDB /* Resources */ = {
			isa = PBXGroup;
			children = (
				5D9D57815EB1C706BE979499 /* ANY_network.entitlements */,
				1733C90894014D1275B02BAE /* Assets.xcassets */,
				B5B47BB3C6243EFDC8C5BBF1 /* Info.plist */,
				234B2D2B4FAEF773EBC72753 /* Launch Screen.storyboard */,
				F2C93163A318551B24B5A1BC /* Fonts */,
			);
			path = Resources;
			sourceTree = "<group>";
		};
		D3AA5C95733F8C1647B7D6A6 /* Connect */ = {
			isa = PBXGroup;
			children = (
				E0C238C95D912831484E7EAB /* ConnectState.swift */,
				947BFF991F13483041462DA6 /* ConnectView.swift */,
				D5887F5515894A83F84118E0 /* ConnectViewModel.swift */,
				7106F257D818B01E2085733B /* Views */,
			);
			path = Connect;
			sourceTree = "<group>";
		};
		D4719599BE7F7631B6236BE9 /* Repositories */ = {
			isa = PBXGroup;
			children = (
				64237825CA3869820E9BAEAD /* ContactsRepositoryImplementation.swift */,
			);
			path = Repositories;
			sourceTree = "<group>";
		};
		E046E57C61F033C0AEE2FEA9 /* ScreenFactory */ = {
			isa = PBXGroup;
			children = (
				E550A010364196ECB50173EE /* AppFactoryProtocols.swift */,
				C8081BBC06545746A9214B3E /* CoordinatorFactoryProtocols.swift */,
				C6C43667E2F12195844B2AF9 /* ScreenFactory.swift */,
			);
			path = ScreenFactory;
			sourceTree = "<group>";
		};
		F2C93163A318551B24B5A1BC /* Fonts */ = {
			isa = PBXGroup;
			children = (
				E316BF35C996A02C815F1805 /* Montserrat-Bold.ttf */,
				5552D04F9F27C760360DB6C5 /* Montserrat-Medium.ttf */,
				4218E04A02110E247A7D36F0 /* Montserrat-Regular.ttf */,
				B1A0537E72C37E2AFF4214C5 /* Montserrat-SemiBold.ttf */,
			);
			path = Fonts;
			sourceTree = "<group>";
		};
		FFD807E0786D3650B3BBBB52 /* MyProfile */ = {
			isa = PBXGroup;
			children = (
				4F26C8DD0F9AE257EDEF5CF2 /* MyProfileState.swift */,
				04B084AEE50908424255F050 /* MyProfileView.swift */,
				6EF4F0C50B04694FA60B1CCA /* MyProfileViewModel.swift */,
			);
			path = MyProfile;
			sourceTree = "<group>";
		};
/* End PBXGroup section */

/* Begin PBXNativeTarget section */
		E7A59064F22B25F0C9778F78 /* ANY network */ = {
			isa = PBXNativeTarget;
			buildConfigurationList = 5924A25AF418B83DBC28C0CB /* Build configuration list for PBXNativeTarget "ANY network" */;
			buildPhases = (
				8EB38DCBFB72DD8653A79820 /* Sources */,
				864915DB7CE30A88D0113FEE /* Resources */,
				B37B6B8D5635C58F317BF8E2 /* Frameworks */,
				B980B8554537DEE6C7DADFE5 /* Embed Frameworks */,
			);
			buildRules = (
			);
			dependencies = (
			);
			name = "ANY network";
			packageProductDependencies = (
				69C7EDA2C093AFE882A69AB2 /* RealmSwift */,
			);
			productName = "ANY network";
			productReference = A6F206243E56A6E56DF2608E /* ANY network.app */;
			productType = "com.apple.product-type.application";
		};
/* End PBXNativeTarget section */

/* Begin PBXProject section */
		482F00E7FCD16F4DC15EE845 /* Project object */ = {
			isa = PBXProject;
			attributes = {
				BuildIndependentTargetsInParallel = YES;
				LastUpgradeCheck = 1540;
			};
			buildConfigurationList = E12C4CD95C517A9AE8F021F6 /* Build configuration list for PBXProject "ANY network" */;
			compatibilityVersion = "Xcode 14.0";
			developmentRegion = en;
			hasScannedForEncodings = 0;
			knownRegions = (
				Base,
				en,
			);
			mainGroup = 17847CA013275377399D1BA0;
			packageReferences = (
				CCCD69568DBD27467CC90111 /* XCRemoteSwiftPackageReference "realm-swift" */,
			);
			projectDirPath = "";
			projectRoot = "";
			targets = (
				E7A59064F22B25F0C9778F78 /* ANY network */,
			);
		};
/* End PBXProject section */

/* Begin PBXResourcesBuildPhase section */
		864915DB7CE30A88D0113FEE /* Resources */ = {
			isa = PBXResourcesBuildPhase;
			buildActionMask = 2147483647;
			files = (
				345EE66BFC9B7DA524456F10 /* Assets.xcassets in Resources */,
				2E028CF7F57D0AA4CB78D1E2 /* Launch Screen.storyboard in Resources */,
				CE8C33AFC1BB9D6EA63E5A3C /* Montserrat-Bold.ttf in Resources */,
				83F414717E326AB41C8AF3C9 /* Montserrat-Medium.ttf in Resources */,
				4D73E7CFDB3C070089E0A570 /* Montserrat-Regular.ttf in Resources */,
				6C7B15FF561F6AE534F43157 /* Montserrat-SemiBold.ttf in Resources */,
				C6A1668D3E4D593E97EC6A21 /* Preview Assets.xcassets in Resources */,
			);
			runOnlyForDeploymentPostprocessing = 0;
		};
/* End PBXResourcesBuildPhase section */

/* Begin PBXSourcesBuildPhase section */
		8EB38DCBFB72DD8653A79820 /* Sources */ = {
			isa = PBXSourcesBuildPhase;
			buildActionMask = 2147483647;
			files = (
				A7A259F298C1403CC9A0CF5C /* ANY_networkApp.swift in Sources */,
				956880ACE1E23D87055873B4 /* AddFavouritesPopup.swift in Sources */,
				B600E2FB8B29FBB425B9ACA5 /* AppCoordinator.swift in Sources */,
				D85C06226E93EE5AEBAA60C9 /* AppCoordinatorView.swift in Sources */,
				54FDAA68435617870336BEAE /* AppFactory.swift in Sources */,
				36DF1262F8176C81D9EED267 /* AppFactoryProtocols.swift in Sources */,
				B9F6BECE1C23B6413F1A8B96 /* BackButton.swift in Sources */,
				D63BA67CFDCBBC894FF1E8BB /* CNContact+Additions.swift in Sources */,
				2BB4E6526079A438C332CEF7 /* Carousel3D.swift in Sources */,
				161E8649721C3A2D12018B8B /* CenterPointModifier.swift in Sources */,
				34FFC74EE04D41052D2C66DC /* ConnectHexagonContainerView.swift in Sources */,
				E2F1629E354F7DB0836239D5 /* ConnectState.swift in Sources */,
				AC2CCA605C4E8A72621FACAF /* ConnectView.swift in Sources */,
				9485348E478BF0253CF08E7F /* ConnectViewModel.swift in Sources */,
				4C46F22E7C6ADF0DCD33C284 /* Contact.swift in Sources */,
				CD002ADD3EF604D7460B84A2 /* ContactCell.swift in Sources */,
				2B7D4D435E637C4FAF49CB3E /* ContactObject.swift in Sources */,
				0034C3E3A4266CE5E5B93AF8 /* ContactsPermissionView.swift in Sources */,
				571F76ECD50569C7FEEB1634 /* ContactsPermissionViewModel.swift in Sources */,
				5F877FA4E9A45875E88C8019 /* ContactsPermissionViewState.swift in Sources */,
				A3B71E1A6D7C5BCE4730DFCE /* ContactsRepository.swift in Sources */,
				BDB78784E8835470B2BBB983 /* ContactsRepositoryImplementation.swift in Sources */,
				7DB7FD255DA01421F314E81A /* Coordinator.swift in Sources */,
				A1C22EBC077530E22C62B3C7 /* CoordinatorFactoryProtocols.swift in Sources */,
				6831FCD4A6470225FE7ED726 /* CornerRadiusWithBorderModifier.swift in Sources */,
				36635BCBB041A2D0398A8B20 /* DetailsState.swift in Sources */,
				AF6FC562AA0543CDF360AB8A /* DetailsView.swift in Sources */,
				8D3DFFCB569B26FA2F14800E /* DetailsViewModel.swift in Sources */,
				0DF21D84D283F0EA4A18B642 /* DrawerViewModifier.swift in Sources */,
				9D71F677D8949EE6FB811978 /* FlexibleSize.swift in Sources */,
				563E58FFC3BF83E2B73289FE /* Fonts.swift in Sources */,
				25177AA20068D24A127C50A7 /* GetAllContactsUseCase.swift in Sources */,
				DA5914D6B5113C4CCE945390 /* GetContactUseCase.swift in Sources */,
				8965DB68C20034DC7F715D4C /* GetContactsStatusUseCase.swift in Sources */,
				CE0653498E2BC8A98D330084 /* GetFavoriteContactsUseCase.swift in Sources */,
				E346A309707D4DE6470700F2 /* GetRequestAccessUseCase.swift in Sources */,
				D83EE07815B9E783F7331057 /* GlowModifier.swift in Sources */,
				3956E0D3818AD868A2F3A703 /* HepticService.swift in Sources */,
				5AE69CE350ED863C4EC454C4 /* HexAvatar.swift in Sources */,
				E9C21F0EFC4F8627BC56ED60 /* HexCell+AllColors.swift in Sources */,
				6947506C3184C40FA9D22503 /* HexCell.swift in Sources */,
				5D458A8F9491B2719877869B /* HexGrid.swift in Sources */,
				A878D599713E651502AA996A /* HexLayout.swift in Sources */,
				D34B3B03DC5F20E71D5EC28B /* HexagonButton.swift in Sources */,
				9DCE6D5505613983C9649EAA /* HexagonShape.swift in Sources */,
				10FCFAA044640786D0D6C693 /* HexagonTextField.swift in Sources */,
				D8C000E6237C72A248867F6B /* HomeRecentView.swift in Sources */,
				24897A523EBA7CC049F64376 /* HomeView.swift in Sources */,
				A59099555740FBAFE1A61FCB /* HomeViewModel.swift in Sources */,
				5E9FFD952C5D517E00735D78 /* AsyncImageWithCache.swift in Sources */,
				9AEB2BF4940550452D2041C7 /* HomeViewState.swift in Sources */,
				1692DA38DEDB1C15A5E6CD40 /* IntroState.swift in Sources */,
				AA9CF904592E170A74A0E83B /* IntroView.swift in Sources */,
				2C954665227321A9A1567ED4 /* IntroViewModel.swift in Sources */,
				FE348C621E8F9E9D9876815E /* LabeledValue.swift in Sources */,
				261A886B744010BF914CA039 /* LabeledValueObject.swift in Sources */,
				6FF794716A28013F7DA6CD1E /* LandingView.swift in Sources */,
				D3990DB466F6AC273020499D /* MainCoordinator.swift in Sources */,
				6E0F34F3332C626BAB24F9A2 /* MainCoordinatorProtocol.swift in Sources */,
				D9956B529CF8439147E91443 /* MainCoordinatorView.swift in Sources */,
				A69F14E05308497791369B59 /* MyProfileState.swift in Sources */,
				AC82C442B450D81C0B94038D /* MyProfileView.swift in Sources */,
				4050B5212E7830B5B63BDCF4 /* MyProfileViewModel.swift in Sources */,
				9287CA8F8FB902527B1A6FC5 /* NativeContactsDataSource.swift in Sources */,
				9D381B472B1EE261AA655A89 /* NativeFavoriteObject.swift in Sources */,
				A4E8CBFAB94F3A8AA2B3716B /* OffsetCoordinate.swift in Sources */,
				3FB3C4576CD0CABA179A16C1 /* OnboardingCoordinator.swift in Sources */,
				92007633ECABAE5ABCF00344 /* OnboardingCoordinatorProtocol.swift in Sources */,
				29F115A5553099F7EC69355B /* OnboardingCoordinatorView.swift in Sources */,
				BCF2B60E5E2E49EC390C8B61 /* PlainTextButton.swift in Sources */,
				97BAA128BD02E391FADA1CDC /* RadioButton.swift in Sources */,
				3D442B1FB2A8C635DC69B126 /* RealmActor.swift in Sources */,
				71464CA71B0CCB7FA00BAB0C /* RealmContactsDataSource.swift in Sources */,
				D40843B9717F8A670967C1E7 /* RealmProvider.swift in Sources */,
				D78B98C138A3BE839C692108 /* RegularHexagonButton.swift in Sources */,
				A3D727D396866DBDA855B543 /* RotatedHexagonShape.swift in Sources */,
				96F638CCB2A74F9FB42D82C3 /* Routable.swift in Sources */,
				6623FAE1BFBDAF8297CAED7B /* ScreenFactory.swift in Sources */,
				1CEB62FF3AA1B798BEE147EA /* ScrollViewWrapper.swift in Sources */,
				64051078E964198E66586AE2 /* SearchBarView.swift in Sources */,
				70E2DDBEC2DF5B0C65A5B607 /* SearchButton.swift in Sources */,
				11032415E707325D0BFAA8D0 /* SearchNameUseCase.swift in Sources */,
				85670784EED6A02BEEF275CD /* SearchState.swift in Sources */,
				FC397C160A1837552E3ADA2D /* SearchTextField.swift in Sources */,
				763C8C493A163B85148BE315 /* SearchView.swift in Sources */,
				814A222377BFF0334FC04C04 /* SearchViewModel.swift in Sources */,
				658926448A7C2E1051F72DA9 /* SizeChangeModifier.swift in Sources */,
				02E0A800B96A73DF0944C4ED /* SizeModifier.swift in Sources */,
				BA6137A28A219157204AB312 /* SizePreferenceKey.swift in Sources */,
				7E89BE7A50DEA701A880F530 /* SwitcherItem.swift in Sources */,
				CAB3A41D2827EA3B233EC5E4 /* SwitcherItemView.swift in Sources */,
				4F6275E5F61813EC02E93A4B /* SwitcherView.swift in Sources */,
				19A94D22B87D98DE5EC34EB6 /* SyncPhoneBookButton.swift in Sources */,
				DA1F63D9CE3D615C70FDD5F6 /* ToggleFavoriteUseCase.swift in Sources */,
				E8EA8581EE2E62E8112B6F98 /* ToggleSwitch.swift in Sources */,
				FFF62905ECC96896AF226988 /* Usage.swift in Sources */,
				6692C3282560495B4ED0E236 /* UsageObject.swift in Sources */,
				27902F6CCA4E1CE0BBA80978 /* ViewModel.swift in Sources */,
			);
			runOnlyForDeploymentPostprocessing = 0;
		};
/* End PBXSourcesBuildPhase section */

/* Begin XCBuildConfiguration section */
		438D2426BE782632CC2FA3B1 /* Debug */ = {
			isa = XCBuildConfiguration;
			buildSettings = {
				ALWAYS_SEARCH_USER_PATHS = NO;
				CLANG_ANALYZER_NONNULL = YES;
				CLANG_ANALYZER_NUMBER_OBJECT_CONVERSION = YES_AGGRESSIVE;
				CLANG_CXX_LANGUAGE_STANDARD = "gnu++14";
				CLANG_CXX_LIBRARY = "libc++";
				CLANG_ENABLE_MODULES = YES;
				CLANG_ENABLE_OBJC_ARC = YES;
				CLANG_ENABLE_OBJC_WEAK = YES;
				CLANG_WARN_BLOCK_CAPTURE_AUTORELEASING = YES;
				CLANG_WARN_BOOL_CONVERSION = YES;
				CLANG_WARN_COMMA = YES;
				CLANG_WARN_CONSTANT_CONVERSION = YES;
				CLANG_WARN_DEPRECATED_OBJC_IMPLEMENTATIONS = YES;
				CLANG_WARN_DIRECT_OBJC_ISA_USAGE = YES_ERROR;
				CLANG_WARN_DOCUMENTATION_COMMENTS = YES;
				CLANG_WARN_EMPTY_BODY = YES;
				CLANG_WARN_ENUM_CONVERSION = YES;
				CLANG_WARN_INFINITE_RECURSION = YES;
				CLANG_WARN_INT_CONVERSION = YES;
				CLANG_WARN_NON_LITERAL_NULL_CONVERSION = YES;
				CLANG_WARN_OBJC_IMPLICIT_RETAIN_SELF = YES;
				CLANG_WARN_OBJC_LITERAL_CONVERSION = YES;
				CLANG_WARN_OBJC_ROOT_CLASS = YES_ERROR;
				CLANG_WARN_QUOTED_INCLUDE_IN_FRAMEWORK_HEADER = YES;
				CLANG_WARN_RANGE_LOOP_ANALYSIS = YES;
				CLANG_WARN_STRICT_PROTOTYPES = YES;
				CLANG_WARN_SUSPICIOUS_MOVE = YES;
				CLANG_WARN_UNGUARDED_AVAILABILITY = YES_AGGRESSIVE;
				CLANG_WARN_UNREACHABLE_CODE = YES;
				CLANG_WARN__DUPLICATE_METHOD_MATCH = YES;
				COPY_PHASE_STRIP = NO;
				DEBUG_INFORMATION_FORMAT = dwarf;
				ENABLE_STRICT_OBJC_MSGSEND = YES;
				ENABLE_TESTABILITY = YES;
				GCC_C_LANGUAGE_STANDARD = gnu11;
				GCC_DYNAMIC_NO_PIC = NO;
				GCC_NO_COMMON_BLOCKS = YES;
				GCC_OPTIMIZATION_LEVEL = 0;
				GCC_PREPROCESSOR_DEFINITIONS = (
					"$(inherited)",
					"DEBUG=1",
				);
				GCC_WARN_64_TO_32_BIT_CONVERSION = YES;
				GCC_WARN_ABOUT_RETURN_TYPE = YES_ERROR;
				GCC_WARN_UNDECLARED_SELECTOR = YES;
				GCC_WARN_UNINITIALIZED_AUTOS = YES_AGGRESSIVE;
				GCC_WARN_UNUSED_FUNCTION = YES;
				GCC_WARN_UNUSED_VARIABLE = YES;
				MTL_ENABLE_DEBUG_INFO = INCLUDE_SOURCE;
				MTL_FAST_MATH = YES;
				ONLY_ACTIVE_ARCH = YES;
				PRODUCT_NAME = "$(TARGET_NAME)";
				SDKROOT = iphoneos;
				SWIFT_ACTIVE_COMPILATION_CONDITIONS = DEBUG;
				SWIFT_OPTIMIZATION_LEVEL = "-Onone";
				SWIFT_VERSION = 5.0;
			};
			name = Debug;
		};
		68CDBD0B6D392841AE947545 /* Release */ = {
			isa = XCBuildConfiguration;
			buildSettings = {
				ASSETCATALOG_COMPILER_APPICON_NAME = AppIcon;
				ASSETCATALOG_COMPILER_GENERATE_SWIFT_ASSET_SYMBOL_EXTENSIONS = YES;
				CODE_SIGN_IDENTITY = "iPhone Developer";
				CURRENT_PROJECT_VERSION = 1;
				DEVELOPMENT_TEAM = R8V264QZ3S;
				GENERATE_INFOPLIST_FILE = NO;
				INFOPLIST_FILE = "ANY network/Resources/Info.plist";
				IPHONEOS_DEPLOYMENT_TARGET = 17.0;
				LD_RUNPATH_SEARCH_PATHS = (
					"$(inherited)",
					"@executable_path/Frameworks",
				);
				MARKETING_VERSION = 1;
				PRODUCT_BUNDLE_IDENTIFIER = network.any.any;
				SDKROOT = iphoneos;
				TARGETED_DEVICE_FAMILY = 1;
			};
			name = Release;
		};
		93EE4DD505BE4B0F4EB9223C /* Release */ = {
			isa = XCBuildConfiguration;
			buildSettings = {
				ALWAYS_SEARCH_USER_PATHS = NO;
				CLANG_ANALYZER_NONNULL = YES;
				CLANG_ANALYZER_NUMBER_OBJECT_CONVERSION = YES_AGGRESSIVE;
				CLANG_CXX_LANGUAGE_STANDARD = "gnu++14";
				CLANG_CXX_LIBRARY = "libc++";
				CLANG_ENABLE_MODULES = YES;
				CLANG_ENABLE_OBJC_ARC = YES;
				CLANG_ENABLE_OBJC_WEAK = YES;
				CLANG_WARN_BLOCK_CAPTURE_AUTORELEASING = YES;
				CLANG_WARN_BOOL_CONVERSION = YES;
				CLANG_WARN_COMMA = YES;
				CLANG_WARN_CONSTANT_CONVERSION = YES;
				CLANG_WARN_DEPRECATED_OBJC_IMPLEMENTATIONS = YES;
				CLANG_WARN_DIRECT_OBJC_ISA_USAGE = YES_ERROR;
				CLANG_WARN_DOCUMENTATION_COMMENTS = YES;
				CLANG_WARN_EMPTY_BODY = YES;
				CLANG_WARN_ENUM_CONVERSION = YES;
				CLANG_WARN_INFINITE_RECURSION = YES;
				CLANG_WARN_INT_CONVERSION = YES;
				CLANG_WARN_NON_LITERAL_NULL_CONVERSION = YES;
				CLANG_WARN_OBJC_IMPLICIT_RETAIN_SELF = YES;
				CLANG_WARN_OBJC_LITERAL_CONVERSION = YES;
				CLANG_WARN_OBJC_ROOT_CLASS = YES_ERROR;
				CLANG_WARN_QUOTED_INCLUDE_IN_FRAMEWORK_HEADER = YES;
				CLANG_WARN_RANGE_LOOP_ANALYSIS = YES;
				CLANG_WARN_STRICT_PROTOTYPES = YES;
				CLANG_WARN_SUSPICIOUS_MOVE = YES;
				CLANG_WARN_UNGUARDED_AVAILABILITY = YES_AGGRESSIVE;
				CLANG_WARN_UNREACHABLE_CODE = YES;
				CLANG_WARN__DUPLICATE_METHOD_MATCH = YES;
				COPY_PHASE_STRIP = NO;
				DEBUG_INFORMATION_FORMAT = "dwarf-with-dsym";
				ENABLE_NS_ASSERTIONS = NO;
				ENABLE_STRICT_OBJC_MSGSEND = YES;
				GCC_C_LANGUAGE_STANDARD = gnu11;
				GCC_NO_COMMON_BLOCKS = YES;
				GCC_WARN_64_TO_32_BIT_CONVERSION = YES;
				GCC_WARN_ABOUT_RETURN_TYPE = YES_ERROR;
				GCC_WARN_UNDECLARED_SELECTOR = YES;
				GCC_WARN_UNINITIALIZED_AUTOS = YES_AGGRESSIVE;
				GCC_WARN_UNUSED_FUNCTION = YES;
				GCC_WARN_UNUSED_VARIABLE = YES;
				MTL_ENABLE_DEBUG_INFO = NO;
				MTL_FAST_MATH = YES;
				PRODUCT_NAME = "$(TARGET_NAME)";
				SDKROOT = iphoneos;
				SWIFT_COMPILATION_MODE = wholemodule;
				SWIFT_OPTIMIZATION_LEVEL = "-O";
				SWIFT_VERSION = 5.0;
			};
			name = Release;
		};
		B7F6F71D6BA4764760C70758 /* Debug */ = {
			isa = XCBuildConfiguration;
			buildSettings = {
				ASSETCATALOG_COMPILER_APPICON_NAME = AppIcon;
				ASSETCATALOG_COMPILER_GENERATE_SWIFT_ASSET_SYMBOL_EXTENSIONS = YES;
				CODE_SIGN_IDENTITY = "iPhone Developer";
				CURRENT_PROJECT_VERSION = 1;
				DEVELOPMENT_TEAM = R8V264QZ3S;
				GENERATE_INFOPLIST_FILE = NO;
				INFOPLIST_FILE = "ANY network/Resources/Info.plist";
				IPHONEOS_DEPLOYMENT_TARGET = 17.0;
				LD_RUNPATH_SEARCH_PATHS = (
					"$(inherited)",
					"@executable_path/Frameworks",
				);
				MARKETING_VERSION = 1;
				PRODUCT_BUNDLE_IDENTIFIER = network.any.any;
				SDKROOT = iphoneos;
				TARGETED_DEVICE_FAMILY = 1;
			};
			name = Debug;
		};
/* End XCBuildConfiguration section */

/* Begin XCConfigurationList section */
		5924A25AF418B83DBC28C0CB /* Build configuration list for PBXNativeTarget "ANY network" */ = {
			isa = XCConfigurationList;
			buildConfigurations = (
				B7F6F71D6BA4764760C70758 /* Debug */,
				68CDBD0B6D392841AE947545 /* Release */,
			);
			defaultConfigurationIsVisible = 0;
			defaultConfigurationName = Debug;
		};
		E12C4CD95C517A9AE8F021F6 /* Build configuration list for PBXProject "ANY network" */ = {
			isa = XCConfigurationList;
			buildConfigurations = (
				438D2426BE782632CC2FA3B1 /* Debug */,
				93EE4DD505BE4B0F4EB9223C /* Release */,
			);
			defaultConfigurationIsVisible = 0;
			defaultConfigurationName = Debug;
		};
/* End XCConfigurationList section */

/* Begin XCRemoteSwiftPackageReference section */
		CCCD69568DBD27467CC90111 /* XCRemoteSwiftPackageReference "realm-swift" */ = {
			isa = XCRemoteSwiftPackageReference;
			repositoryURL = "https://github.com/realm/realm-swift";
			requirement = {
				kind = upToNextMajorVersion;
				minimumVersion = 10.52.1;
			};
		};
/* End XCRemoteSwiftPackageReference section */

/* Begin XCSwiftPackageProductDependency section */
		69C7EDA2C093AFE882A69AB2 /* RealmSwift */ = {
			isa = XCSwiftPackageProductDependency;
			package = CCCD69568DBD27467CC90111 /* XCRemoteSwiftPackageReference "realm-swift" */;
			productName = RealmSwift;
		};
/* End XCSwiftPackageProductDependency section */
	};
	rootObject = 482F00E7FCD16F4DC15EE845 /* Project object */;
}
